
Microsoft Visual Studio Solution File, Format Version 12.00
# Visual Studio Version 17
VisualStudioVersion = 17.9.34728.123
MinimumVisualStudioVersion = 10.0.40219.1
Project("{FAE04EC0-301F-11D3-BF4B-00C04F79EFBC}") = "Part2KabeloLethata", "Part2KabeloLethata\Part2KabeloLethata.csproj", "{D159C0A4-DB8D-4A10-9916-47C5189A7F08}"
EndProject
Global
	GlobalSection(SolutionConfigurationPlatforms) = preSolution
		Debug|Any CPU = Debug|Any CPU
		Release|Any CPU = Release|Any CPU
	EndGlobalSection
	GlobalSection(ProjectConfigurationPlatforms) = postSolution
		{D159C0A4-DB8D-4A10-9916-47C5189A7F08}.Debug|Any CPU.ActiveCfg = Debug|Any CPU
		{D159C0A4-DB8D-4A10-9916-47C5189A7F08}.Debug|Any CPU.Build.0 = Debug|Any CPU
		{D159C0A4-DB8D-4A10-9916-47C5189A7F08}.Release|Any CPU.ActiveCfg = Release|Any CPU
		{D159C0A4-DB8D-4A10-9916-47C5189A7F08}.Release|Any CPU.Build.0 = Release|Any CPU
	EndGlobalSection
	GlobalSection(SolutionProperties) = preSolution
		HideSolutionNode = FALSE
	EndGlobalSection
	GlobalSection(ExtensibilityGlobals) = postSolution
		SolutionGuid = {6E8554BD-FE7B-4844-87E2-E6D22EBEF801}
	EndGlobalSection
EndGlobal
